
Microsoft Visual Studio Solution File, Format Version 12.00
# Visual Studio Version 16
VisualStudioVersion = 16.0.31729.503
MinimumVisualStudioVersion = 10.0.40219.1
Project("{FAE04EC0-301F-11D3-BF4B-00C04F79EFBC}") = "Bonus", "Bonus.csproj", "{63DC9ABF-3917-48D8-96DE-967C12FF8246}"
EndProject
Global
	GlobalSection(SolutionConfigurationPlatforms) = preSolution
		Debug|Any CPU = Debug|Any CPU
		Release|Any CPU = Release|Any CPU
	EndGlobalSection
	GlobalSection(ProjectConfigurationPlatforms) = postSolution
		{63DC9ABF-3917-48D8-96DE-967C12FF8246}.Debug|Any CPU.ActiveCfg = Debug|Any CPU
		{63DC9ABF-3917-48D8-96DE-967C12FF8246}.Debug|Any CPU.Build.0 = Debug|Any CPU
		{63DC9ABF-3917-48D8-96DE-967C12FF8246}.Release|Any CPU.ActiveCfg = Release|Any CPU
		{63DC9ABF-3917-48D8-96DE-967C12FF8246}.Release|Any CPU.Build.0 = Release|Any CPU
	EndGlobalSection
	GlobalSection(SolutionProperties) = preSolution
		HideSolutionNode = FALSE
	EndGlobalSection
	GlobalSection(ExtensibilityGlobals) = postSolution
		SolutionGuid = {0EF99BBE-D435-4C36-9AAE-87258F3D4E4A}
	EndGlobalSection
EndGlobal
